
Microsoft Visual Studio Solution File, Format Version 12.00
# Visual Studio 15
Project("{FAE04EC0-301F-11D3-BF4B-00C04F79EFBC}") = "Assembly-CSharp", "Assembly-CSharp.csproj", "{761A346E-5582-4F40-33ED-4B247F559C53}"
EndProject
Project("{FAE04EC0-301F-11D3-BF4B-00C04F79EFBC}") = "Assembly-CSharp-firstpass", "Assembly-CSharp-firstpass.csproj", "{3508E54E-F36C-5A0D-D958-3463D89D618D}"
EndProject
Project("{FAE04EC0-301F-11D3-BF4B-00C04F79EFBC}") = "Assembly-CSharp-Editor", "Assembly-CSharp-Editor.csproj", "{F2455E46-30AF-C457-1C0F-37845A11CA55}"
EndProject
Global
	GlobalSection(SolutionConfigurationPlatforms) = preSolution
		Debug|Any CPU = Debug|Any CPU
		Release|Any CPU = Release|Any CPU
	EndGlobalSection
	GlobalSection(ProjectConfigurationPlatforms) = postSolution
		{761A346E-5582-4F40-33ED-4B247F559C53}.Debug|Any CPU.ActiveCfg = Debug|Any CPU
		{761A346E-5582-4F40-33ED-4B247F559C53}.Debug|Any CPU.Build.0 = Debug|Any CPU
		{761A346E-5582-4F40-33ED-4B247F559C53}.Release|Any CPU.ActiveCfg = Release|Any CPU
		{761A346E-5582-4F40-33ED-4B247F559C53}.Release|Any CPU.Build.0 = Release|Any CPU
		{3508E54E-F36C-5A0D-D958-3463D89D618D}.Debug|Any CPU.ActiveCfg = Debug|Any CPU
		{3508E54E-F36C-5A0D-D958-3463D89D618D}.Debug|Any CPU.Build.0 = Debug|Any CPU
		{3508E54E-F36C-5A0D-D958-3463D89D618D}.Release|Any CPU.ActiveCfg = Release|Any CPU
		{3508E54E-F36C-5A0D-D958-3463D89D618D}.Release|Any CPU.Build.0 = Release|Any CPU
		{F2455E46-30AF-C457-1C0F-37845A11CA55}.Debug|Any CPU.ActiveCfg = Debug|Any CPU
		{F2455E46-30AF-C457-1C0F-37845A11CA55}.Debug|Any CPU.Build.0 = Debug|Any CPU
		{F2455E46-30AF-C457-1C0F-37845A11CA55}.Release|Any CPU.ActiveCfg = Release|Any CPU
		{F2455E46-30AF-C457-1C0F-37845A11CA55}.Release|Any CPU.Build.0 = Release|Any CPU
	EndGlobalSection
	GlobalSection(SolutionProperties) = preSolution
		HideSolutionNode = FALSE
	EndGlobalSection
EndGlobal
